
Microsoft Visual Studio Solution File, Format Version 12.00
# Visual Studio Version 16
VisualStudioVersion = 16.0.31205.134
MinimumVisualStudioVersion = 10.0.40219.1
Project("{FAE04EC0-301F-11D3-BF4B-00C04F79EFBC}") = "E-library1.1", "E-library1.1.csproj", "{F945FC27-E495-412A-8DBF-E9DF347CCD47}"
EndProject
Global
	GlobalSection(SolutionConfigurationPlatforms) = preSolution
		Debug|Any CPU = Debug|Any CPU
		Release|Any CPU = Release|Any CPU
	EndGlobalSection
	GlobalSection(ProjectConfigurationPlatforms) = postSolution
		{F945FC27-E495-412A-8DBF-E9DF347CCD47}.Debug|Any CPU.ActiveCfg = Debug|Any CPU
		{F945FC27-E495-412A-8DBF-E9DF347CCD47}.Debug|Any CPU.Build.0 = Debug|Any CPU
		{F945FC27-E495-412A-8DBF-E9DF347CCD47}.Release|Any CPU.ActiveCfg = Release|Any CPU
		{F945FC27-E495-412A-8DBF-E9DF347CCD47}.Release|Any CPU.Build.0 = Release|Any CPU
	EndGlobalSection
	GlobalSection(SolutionProperties) = preSolution
		HideSolutionNode = FALSE
	EndGlobalSection
	GlobalSection(ExtensibilityGlobals) = postSolution
		SolutionGuid = {7B789186-5849-4480-8BD6-C3510C8BBEA7}
	EndGlobalSection
EndGlobal
